
Microsoft Visual Studio Solution File, Format Version 12.00
# Visual Studio 15
VisualStudioVersion = 15.0.28010.2050
MinimumVisualStudioVersion = 10.0.40219.1
Project("{8BC9CEB8-8B4A-11D0-8D11-00A0C91BC942}") = "Pr4", "Pr4\Pr4.vcxproj", "{B3DC5EDE-355D-47FA-BE8D-665021A7CEDE}"
EndProject
Global
	GlobalSection(SolutionConfigurationPlatforms) = preSolution
		Debug|x64 = Debug|x64
		Debug|x86 = Debug|x86
		Release|x64 = Release|x64
		Release|x86 = Release|x86
	EndGlobalSection
	GlobalSection(ProjectConfigurationPlatforms) = postSolution
		{B3DC5EDE-355D-47FA-BE8D-665021A7CEDE}.Debug|x64.ActiveCfg = Debug|x64
		{B3DC5EDE-355D-47FA-BE8D-665021A7CEDE}.Debug|x64.Build.0 = Debug|x64
		{B3DC5EDE-355D-47FA-BE8D-665021A7CEDE}.Debug|x86.ActiveCfg = Debug|Win32
		{B3DC5EDE-355D-47FA-BE8D-665021A7CEDE}.Debug|x86.Build.0 = Debug|Win32
		{B3DC5EDE-355D-47FA-BE8D-665021A7CEDE}.Release|x64.ActiveCfg = Release|x64
		{B3DC5EDE-355D-47FA-BE8D-665021A7CEDE}.Release|x64.Build.0 = Release|x64
		{B3DC5EDE-355D-47FA-BE8D-665021A7CEDE}.Release|x86.ActiveCfg = Release|Win32
		{B3DC5EDE-355D-47FA-BE8D-665021A7CEDE}.Release|x86.Build.0 = Release|Win32
	EndGlobalSection
	GlobalSection(SolutionProperties) = preSolution
		HideSolutionNode = FALSE
	EndGlobalSection
	GlobalSection(ExtensibilityGlobals) = postSolution
		SolutionGuid = {5CBBF31E-B805-4E51-9C02-E624DBE1AB33}
	EndGlobalSection
EndGlobal
